
Microsoft Visual Studio Solution File, Format Version 12.00
# Visual Studio 15
VisualStudioVersion = 15.0.28307.1401
MinimumVisualStudioVersion = 10.0.40219.1
Project("{FAE04EC0-301F-11D3-BF4B-00C04F79EFBC}") = "Test_FSM_WPF", "TestWindow\Test_FSM_WPF.csproj", "{FC605981-039D-483A-8F59-58D3C298B874}"
EndProject
Project("{FAE04EC0-301F-11D3-BF4B-00C04F79EFBC}") = "Test_Utility_WPF", "Test_Utility_WPF\Test_Utility_WPF.csproj", "{D1E24987-A7FE-4D75-AE35-59D979E0325F}"
EndProject
Project("{FAE04EC0-301F-11D3-BF4B-00C04F79EFBC}") = "Test_Motion_WPF", "Test_Motion_WPF\Test_Motion_WPF.csproj", "{D56DDB7D-5407-47E7-8FE9-493C0EC95732}"
EndProject
Project("{FAE04EC0-301F-11D3-BF4B-00C04F79EFBC}") = "Stanley_FSM", "Stanley_FSM\Stanley_FSM.csproj", "{E21F11A0-AC87-46D1-A180-29FA2F16A42F}"
EndProject
Project("{FAE04EC0-301F-11D3-BF4B-00C04F79EFBC}") = "Stanley_FSM.Machine", "Stanley_FSM.Machine\Stanley_FSM.Machine.csproj", "{FB7F0389-575F-45AF-A085-421D3E07BE4B}"
EndProject
Project("{FAE04EC0-301F-11D3-BF4B-00C04F79EFBC}") = "Stanley_FSM.UI", "Stanley_FSM.UI\Stanley_FSM.UI.csproj", "{5BE822DB-A550-4F32-A1D7-820CFE402970}"
EndProject
Project("{FAE04EC0-301F-11D3-BF4B-00C04F79EFBC}") = "Stanley_FSM.Monitor", "Stanley_FSM.Monitor\Stanley_FSM.Monitor.csproj", "{7439B015-AC54-49B9-AE17-A90DA9970359}"
EndProject
Project("{FAE04EC0-301F-11D3-BF4B-00C04F79EFBC}") = "Test_Stanley_FSM", "Test_Stanley_FSM\Test_Stanley_FSM.csproj", "{42F9C990-5F52-4C31-B059-520836F1F6A2}"
EndProject
Project("{FAE04EC0-301F-11D3-BF4B-00C04F79EFBC}") = "Stanley_MCPNet.Data", "Stanley_MCPNet.Data\Stanley_MCPNet.Data.csproj", "{E681C054-E665-4D80-924D-8C26BCE69699}"
EndProject
Project("{FAE04EC0-301F-11D3-BF4B-00C04F79EFBC}") = "Stanley_MCPNet.Motion", "Stanley_MCPNet.Motion\Stanley_MCPNet.Motion.csproj", "{805EAA40-D97D-4C56-B32C-E99DFBC59B45}"
EndProject
Project("{FAE04EC0-301F-11D3-BF4B-00C04F79EFBC}") = "Stanley_Utility", "Stanley_Utility\Stanley_Utility.csproj", "{A6D29A22-AC08-4AB6-9FC3-A1E800E950D4}"
EndProject
Project("{FAE04EC0-301F-11D3-BF4B-00C04F79EFBC}") = "Stanley_MCPNet.IOCard", "Stanley_MCPNet.IOCard\Stanley_MCPNet.IOCard.csproj", "{FCBE168B-00BE-44DB-A88B-5C3158164151}"
EndProject
Project("{FAE04EC0-301F-11D3-BF4B-00C04F79EFBC}") = "Stanley_MCPNet.IO", "Stanley_MCPNet.IO\Stanley_MCPNet.IO.csproj", "{B80E778B-4F83-4768-81F5-F12D42C47552}"
EndProject
Project("{FAE04EC0-301F-11D3-BF4B-00C04F79EFBC}") = "Stanley_MCPNet.IO.Config.IOList", "Stanley_MCPNet.IO.Config.IOList\Stanley_MCPNet.IO.Config.IOList.csproj", "{7D41D405-5756-407D-9779-E253C8E04542}"
EndProject
Project("{FAE04EC0-301F-11D3-BF4B-00C04F79EFBC}") = "Stanley_MCPNet.Motion.Mcc800", "Stanley_MCPNet.Motion.Mcc800\Stanley_MCPNet.Motion.Mcc800.csproj", "{395F9E79-4F21-4B2E-9FB6-85FA8BA6F92A}"
EndProject
Project("{FAE04EC0-301F-11D3-BF4B-00C04F79EFBC}") = "Stanley_MCPNet.General", "Stanley_MCPNet.General\Stanley_MCPNet.General.csproj", "{0B3C3EA5-7470-4AB8-A234-D73AB555E45B}"
EndProject
Global
	GlobalSection(SolutionConfigurationPlatforms) = preSolution
		Debug|Any CPU = Debug|Any CPU
		Release|Any CPU = Release|Any CPU
	EndGlobalSection
	GlobalSection(ProjectConfigurationPlatforms) = postSolution
		{FC605981-039D-483A-8F59-58D3C298B874}.Debug|Any CPU.ActiveCfg = Debug|Any CPU
		{FC605981-039D-483A-8F59-58D3C298B874}.Debug|Any CPU.Build.0 = Debug|Any CPU
		{FC605981-039D-483A-8F59-58D3C298B874}.Release|Any CPU.ActiveCfg = Release|Any CPU
		{FC605981-039D-483A-8F59-58D3C298B874}.Release|Any CPU.Build.0 = Release|Any CPU
		{D1E24987-A7FE-4D75-AE35-59D979E0325F}.Debug|Any CPU.ActiveCfg = Debug|Any CPU
		{D1E24987-A7FE-4D75-AE35-59D979E0325F}.Debug|Any CPU.Build.0 = Debug|Any CPU
		{D1E24987-A7FE-4D75-AE35-59D979E0325F}.Release|Any CPU.ActiveCfg = Release|Any CPU
		{D1E24987-A7FE-4D75-AE35-59D979E0325F}.Release|Any CPU.Build.0 = Release|Any CPU
		{D56DDB7D-5407-47E7-8FE9-493C0EC95732}.Debug|Any CPU.ActiveCfg = Debug|Any CPU
		{D56DDB7D-5407-47E7-8FE9-493C0EC95732}.Debug|Any CPU.Build.0 = Debug|Any CPU
		{D56DDB7D-5407-47E7-8FE9-493C0EC95732}.Release|Any CPU.ActiveCfg = Release|Any CPU
		{D56DDB7D-5407-47E7-8FE9-493C0EC95732}.Release|Any CPU.Build.0 = Release|Any CPU
		{E21F11A0-AC87-46D1-A180-29FA2F16A42F}.Debug|Any CPU.ActiveCfg = Debug|Any CPU
		{E21F11A0-AC87-46D1-A180-29FA2F16A42F}.Debug|Any CPU.Build.0 = Debug|Any CPU
		{E21F11A0-AC87-46D1-A180-29FA2F16A42F}.Release|Any CPU.ActiveCfg = Release|Any CPU
		{E21F11A0-AC87-46D1-A180-29FA2F16A42F}.Release|Any CPU.Build.0 = Release|Any CPU
		{FB7F0389-575F-45AF-A085-421D3E07BE4B}.Debug|Any CPU.ActiveCfg = Debug|Any CPU
		{FB7F0389-575F-45AF-A085-421D3E07BE4B}.Debug|Any CPU.Build.0 = Debug|Any CPU
		{FB7F0389-575F-45AF-A085-421D3E07BE4B}.Release|Any CPU.ActiveCfg = Release|Any CPU
		{FB7F0389-575F-45AF-A085-421D3E07BE4B}.Release|Any CPU.Build.0 = Release|Any CPU
		{5BE822DB-A550-4F32-A1D7-820CFE402970}.Debug|Any CPU.ActiveCfg = Debug|Any CPU
		{5BE822DB-A550-4F32-A1D7-820CFE402970}.Debug|Any CPU.Build.0 = Debug|Any CPU
		{5BE822DB-A550-4F32-A1D7-820CFE402970}.Release|Any CPU.ActiveCfg = Release|Any CPU
		{5BE822DB-A550-4F32-A1D7-820CFE402970}.Release|Any CPU.Build.0 = Release|Any CPU
		{7439B015-AC54-49B9-AE17-A90DA9970359}.Debug|Any CPU.ActiveCfg = Debug|Any CPU
		{7439B015-AC54-49B9-AE17-A90DA9970359}.Debug|Any CPU.Build.0 = Debug|Any CPU
		{7439B015-AC54-49B9-AE17-A90DA9970359}.Release|Any CPU.ActiveCfg = Release|Any CPU
		{7439B015-AC54-49B9-AE17-A90DA9970359}.Release|Any CPU.Build.0 = Release|Any CPU
		{42F9C990-5F52-4C31-B059-520836F1F6A2}.Debug|Any CPU.ActiveCfg = Debug|Any CPU
		{42F9C990-5F52-4C31-B059-520836F1F6A2}.Debug|Any CPU.Build.0 = Debug|Any CPU
		{42F9C990-5F52-4C31-B059-520836F1F6A2}.Release|Any CPU.ActiveCfg = Release|Any CPU
		{42F9C990-5F52-4C31-B059-520836F1F6A2}.Release|Any CPU.Build.0 = Release|Any CPU
		{E681C054-E665-4D80-924D-8C26BCE69699}.Debug|Any CPU.ActiveCfg = Debug|Any CPU
		{E681C054-E665-4D80-924D-8C26BCE69699}.Debug|Any CPU.Build.0 = Debug|Any CPU
		{E681C054-E665-4D80-924D-8C26BCE69699}.Release|Any CPU.ActiveCfg = Release|Any CPU
		{E681C054-E665-4D80-924D-8C26BCE69699}.Release|Any CPU.Build.0 = Release|Any CPU
		{805EAA40-D97D-4C56-B32C-E99DFBC59B45}.Debug|Any CPU.ActiveCfg = Debug|Any CPU
		{805EAA40-D97D-4C56-B32C-E99DFBC59B45}.Debug|Any CPU.Build.0 = Debug|Any CPU
		{805EAA40-D97D-4C56-B32C-E99DFBC59B45}.Release|Any CPU.ActiveCfg = Release|Any CPU
		{805EAA40-D97D-4C56-B32C-E99DFBC59B45}.Release|Any CPU.Build.0 = Release|Any CPU
		{A6D29A22-AC08-4AB6-9FC3-A1E800E950D4}.Debug|Any CPU.ActiveCfg = Debug|Any CPU
		{A6D29A22-AC08-4AB6-9FC3-A1E800E950D4}.Debug|Any CPU.Build.0 = Debug|Any CPU
		{A6D29A22-AC08-4AB6-9FC3-A1E800E950D4}.Release|Any CPU.ActiveCfg = Release|Any CPU
		{A6D29A22-AC08-4AB6-9FC3-A1E800E950D4}.Release|Any CPU.Build.0 = Release|Any CPU
		{FCBE168B-00BE-44DB-A88B-5C3158164151}.Debug|Any CPU.ActiveCfg = Debug|Any CPU
		{FCBE168B-00BE-44DB-A88B-5C3158164151}.Debug|Any CPU.Build.0 = Debug|Any CPU
		{FCBE168B-00BE-44DB-A88B-5C3158164151}.Release|Any CPU.ActiveCfg = Release|Any CPU
		{FCBE168B-00BE-44DB-A88B-5C3158164151}.Release|Any CPU.Build.0 = Release|Any CPU
		{B80E778B-4F83-4768-81F5-F12D42C47552}.Debug|Any CPU.ActiveCfg = Debug|Any CPU
		{B80E778B-4F83-4768-81F5-F12D42C47552}.Debug|Any CPU.Build.0 = Debug|Any CPU
		{B80E778B-4F83-4768-81F5-F12D42C47552}.Release|Any CPU.ActiveCfg = Release|Any CPU
		{B80E778B-4F83-4768-81F5-F12D42C47552}.Release|Any CPU.Build.0 = Release|Any CPU
		{7D41D405-5756-407D-9779-E253C8E04542}.Debug|Any CPU.ActiveCfg = Debug|Any CPU
		{7D41D405-5756-407D-9779-E253C8E04542}.Debug|Any CPU.Build.0 = Debug|Any CPU
		{7D41D405-5756-407D-9779-E253C8E04542}.Release|Any CPU.ActiveCfg = Release|Any CPU
		{7D41D405-5756-407D-9779-E253C8E04542}.Release|Any CPU.Build.0 = Release|Any CPU
		{395F9E79-4F21-4B2E-9FB6-85FA8BA6F92A}.Debug|Any CPU.ActiveCfg = Debug|Any CPU
		{395F9E79-4F21-4B2E-9FB6-85FA8BA6F92A}.Debug|Any CPU.Build.0 = Debug|Any CPU
		{395F9E79-4F21-4B2E-9FB6-85FA8BA6F92A}.Release|Any CPU.ActiveCfg = Release|Any CPU
		{395F9E79-4F21-4B2E-9FB6-85FA8BA6F92A}.Release|Any CPU.Build.0 = Release|Any CPU
		{0B3C3EA5-7470-4AB8-A234-D73AB555E45B}.Debug|Any CPU.ActiveCfg = Debug|Any CPU
		{0B3C3EA5-7470-4AB8-A234-D73AB555E45B}.Debug|Any CPU.Build.0 = Debug|Any CPU
		{0B3C3EA5-7470-4AB8-A234-D73AB555E45B}.Release|Any CPU.ActiveCfg = Release|Any CPU
		{0B3C3EA5-7470-4AB8-A234-D73AB555E45B}.Release|Any CPU.Build.0 = Release|Any CPU
	EndGlobalSection
	GlobalSection(SolutionProperties) = preSolution
		HideSolutionNode = FALSE
	EndGlobalSection
	GlobalSection(ExtensibilityGlobals) = postSolution
		SolutionGuid = {996D2132-5C20-4E20-BC01-3E13F73A04AF}
	EndGlobalSection
EndGlobal
